
Microsoft Visual Studio Solution File, Format Version 12.00
# Visual Studio Version 17
VisualStudioVersion = 17.7.34031.279
MinimumVisualStudioVersion = 10.0.40219.1
Project("{FAE04EC0-301F-11D3-BF4B-00C04F79EFBC}") = "Personal Information Organiser", "Personal Information Organiser\Personal Information Organiser.csproj", "{0D64E9DE-7D64-4097-A0B4-756DBC65BFA8}"
EndProject
Global
	GlobalSection(SolutionConfigurationPlatforms) = preSolution
		Debug|Any CPU = Debug|Any CPU
		Release|Any CPU = Release|Any CPU
	EndGlobalSection
	GlobalSection(ProjectConfigurationPlatforms) = postSolution
		{0D64E9DE-7D64-4097-A0B4-756DBC65BFA8}.Debug|Any CPU.ActiveCfg = Debug|Any CPU
		{0D64E9DE-7D64-4097-A0B4-756DBC65BFA8}.Debug|Any CPU.Build.0 = Debug|Any CPU
		{0D64E9DE-7D64-4097-A0B4-756DBC65BFA8}.Release|Any CPU.ActiveCfg = Release|Any CPU
		{0D64E9DE-7D64-4097-A0B4-756DBC65BFA8}.Release|Any CPU.Build.0 = Release|Any CPU
	EndGlobalSection
	GlobalSection(SolutionProperties) = preSolution
		HideSolutionNode = FALSE
	EndGlobalSection
	GlobalSection(ExtensibilityGlobals) = postSolution
		SolutionGuid = {7CF9E158-5E73-4A13-BB4B-690590F1BD1E}
	EndGlobalSection
EndGlobal
